
Microsoft Visual Studio Solution File, Format Version 12.00
# Visual Studio 15
VisualStudioVersion = 15.0.28307.1622
MinimumVisualStudioVersion = 10.0.40219.1
Project("{FAE04EC0-301F-11D3-BF4B-00C04F79EFBC}") = "WpfApp1", "WpfApp1\WpfApp1.csproj", "{064A1AA4-26F7-4388-9FE4-9E3F95B1EC53}"
EndProject
Global
	GlobalSection(SolutionConfigurationPlatforms) = preSolution
		Debug|Any CPU = Debug|Any CPU
		Release|Any CPU = Release|Any CPU
	EndGlobalSection
	GlobalSection(ProjectConfigurationPlatforms) = postSolution
		{064A1AA4-26F7-4388-9FE4-9E3F95B1EC53}.Debug|Any CPU.ActiveCfg = Debug|Any CPU
		{064A1AA4-26F7-4388-9FE4-9E3F95B1EC53}.Debug|Any CPU.Build.0 = Debug|Any CPU
		{064A1AA4-26F7-4388-9FE4-9E3F95B1EC53}.Release|Any CPU.ActiveCfg = Release|Any CPU
		{064A1AA4-26F7-4388-9FE4-9E3F95B1EC53}.Release|Any CPU.Build.0 = Release|Any CPU
	EndGlobalSection
	GlobalSection(SolutionProperties) = preSolution
		HideSolutionNode = FALSE
	EndGlobalSection
	GlobalSection(ExtensibilityGlobals) = postSolution
		SolutionGuid = {C6C54329-5C67-4FD6-82AE-7DDA04FE7549}
	EndGlobalSection
EndGlobal
